// !$*UTF8*$!
{
	archiveVersion = 1;
	classes = {
	};
	objectVersion = 50;
	objects = {

/* Begin PBXBuildFile section */
		1881C6B3245810DB00EE10C3 /* AppDelegate.swift in Sources */ = {isa = PBXBuildFile; fileRef = 1881C6B2245810DB00EE10C3 /* AppDelegate.swift */; };
		1881C6B5245810DB00EE10C3 /* SceneDelegate.swift in Sources */ = {isa = PBXBuildFile; fileRef = 1881C6B4245810DB00EE10C3 /* SceneDelegate.swift */; };
		1881C6BA245810DB00EE10C3 /* Main.storyboard in Resources */ = {isa = PBXBuildFile; fileRef = 1881C6B8245810DB00EE10C3 /* Main.storyboard */; };
		1881C6BC245810DE00EE10C3 /* Assets.xcassets in Resources */ = {isa = PBXBuildFile; fileRef = 1881C6BB245810DE00EE10C3 /* Assets.xcassets */; };
		1881C6BF245810DE00EE10C3 /* LaunchScreen.storyboard in Resources */ = {isa = PBXBuildFile; fileRef = 1881C6BD245810DE00EE10C3 /* LaunchScreen.storyboard */; };
		1881C6C72458119400EE10C3 /* TasksController.swift in Sources */ = {isa = PBXBuildFile; fileRef = 1881C6C62458119400EE10C3 /* TasksController.swift */; };
		1881C6C9245842FE00EE10C3 /* Task.swift in Sources */ = {isa = PBXBuildFile; fileRef = 1881C6C8245842FE00EE10C3 /* Task.swift */; };
		1881C6CB2458465500EE10C3 /* TaskStore.swift in Sources */ = {isa = PBXBuildFile; fileRef = 1881C6CA2458465500EE10C3 /* TaskStore.swift */; };
/* End PBXBuildFile section */

/* Begin PBXFileReference section */
		1881C6AF245810DB00EE10C3 /* Taskly.app */ = {isa = PBXFileReference; explicitFileType = wrapper.application; includeInIndex = 0; path = Taskly.app; sourceTree = BUILT_PRODUCTS_DIR; };
		1881C6B2245810DB00EE10C3 /* AppDelegate.swift */ = {isa = PBXFileReference; lastKnownFileType = sourcecode.swift; path = AppDelegate.swift; sourceTree = "<group>"; };
		1881C6B4245810DB00EE10C3 /* SceneDelegate.swift */ = {isa = PBXFileReference; lastKnownFileType = sourcecode.swift; path = SceneDelegate.swift; sourceTree = "<group>"; };
		1881C6B9245810DB00EE10C3 /* Base */ = {isa = PBXFileReference; lastKnownFileType = file.storyboard; name = Base; path = Base.lproj/Main.storyboard; sourceTree = "<group>"; };
		1881C6BB245810DE00EE10C3 /* Assets.xcassets */ = {isa = PBXFileReference; lastKnownFileType = folder.assetcatalog; path = Assets.xcassets; sourceTree = "<group>"; };
		1881C6BE245810DE00EE10C3 /* Base */ = {isa = PBXFileReference; lastKnownFileType = file.storyboard; name = Base; path = Base.lproj/LaunchScreen.storyboard; sourceTree = "<group>"; };
		1881C6C0245810DE00EE10C3 /* Info.plist */ = {isa = PBXFileReference; lastKnownFileType = text.plist.xml; path = Info.plist; sourceTree = "<group>"; };
		1881C6C62458119400EE10C3 /* TasksController.swift */ = {isa = PBXFileReference; lastKnownFileType = sourcecode.swift; path = TasksController.swift; sourceTree = "<group>"; };
		1881C6C8245842FE00EE10C3 /* Task.swift */ = {isa = PBXFileReference; lastKnownFileType = sourcecode.swift; path = Task.swift; sourceTree = "<group>"; };
		1881C6CA2458465500EE10C3 /* TaskStore.swift */ = {isa = PBXFileReference; lastKnownFileType = sourcecode.swift; path = TaskStore.swift; sourceTree = "<group>"; };
/* End PBXFileReference section */

/* Begin PBXFrameworksBuildPhase section */
		1881C6AC245810DA00EE10C3 /* Frameworks */ = {
			isa = PBXFrameworksBuildPhase;
			buildActionMask = 2147483647;
			files = (
			);
			runOnlyForDeploymentPostprocessing = 0;
		};
/* End PBXFrameworksBuildPhase section */

/* Begin PBXGroup section */
		1881C6A6245810DA00EE10C3 = {
			isa = PBXGroup;
			children = (
				1881C6B1245810DB00EE10C3 /* Taskly */,
				1881C6B0245810DB00EE10C3 /* Products */,
			);
			sourceTree = "<group>";
		};
		1881C6B0245810DB00EE10C3 /* Products */ = {
			isa = PBXGroup;
			children = (
				1881C6AF245810DB00EE10C3 /* Taskly.app */,
			);
			name = Products;
			sourceTree = "<group>";
		};
		1881C6B1245810DB00EE10C3 /* Taskly */ = {
			isa = PBXGroup;
			children = (
				1881C6C62458119400EE10C3 /* TasksController.swift */,
				1881C6CA2458465500EE10C3 /* TaskStore.swift */,
				1881C6C8245842FE00EE10C3 /* Task.swift */,
				1881C6B8245810DB00EE10C3 /* Main.storyboard */,
				1881C6BB245810DE00EE10C3 /* Assets.xcassets */,
				1881C6B2245810DB00EE10C3 /* AppDelegate.swift */,
				1881C6B4245810DB00EE10C3 /* SceneDelegate.swift */,
				1881C6BD245810DE00EE10C3 /* LaunchScreen.storyboard */,
				1881C6C0245810DE00EE10C3 /* Info.plist */,
			);
			path = Taskly;
			sourceTree = "<group>";
		};
/* End PBXGroup section */

/* Begin PBXNativeTarget section */
		1881C6AE245810DA00EE10C3 /* Taskly */ = {
			isa = PBXNativeTarget;
			buildConfigurationList = 1881C6C3245810DE00EE10C3 /* Build configuration list for PBXNativeTarget "Taskly" */;
			buildPhases = (
				1881C6AB245810DA00EE10C3 /* Sources */,
				1881C6AC245810DA00EE10C3 /* Frameworks */,
				1881C6AD245810DA00EE10C3 /* Resources */,
			);
			buildRules = (
			);
			dependencies = (
			);
			name = Taskly;
			productName = Taskly;
			productReference = 1881C6AF245810DB00EE10C3 /* Taskly.app */;
			productType = "com.apple.product-type.application";
		};
/* End PBXNativeTarget section */

/* Begin PBXProject section */
		1881C6A7245810DA00EE10C3 /* Project object */ = {
			isa = PBXProject;
			attributes = {
				LastSwiftUpdateCheck = 1130;
				LastUpgradeCheck = 1130;
				ORGANIZATIONNAME = "Vadym Horovyi";
				TargetAttributes = {
					1881C6AE245810DA00EE10C3 = {
						CreatedOnToolsVersion = 11.3.1;
					};
				};
			};
			buildConfigurationList = 1881C6AA245810DA00EE10C3 /* Build configuration list for PBXProject "Taskly" */;
			compatibilityVersion = "Xcode 9.3";
			developmentRegion = en;
			hasScannedForEncodings = 0;
			knownRegions = (
				en,
				Base,
			);
			mainGroup = 1881C6A6245810DA00EE10C3;
			productRefGroup = 1881C6B0245810DB00EE10C3 /* Products */;
			projectDirPath = "";
			projectRoot = "";
			targets = (
				1881C6AE245810DA00EE10C3 /* Taskly */,
			);
		};
/* End PBXProject section */

/* Begin PBXResourcesBuildPhase section */
		1881C6AD245810DA00EE10C3 /* Resources */ = {
			isa = PBXResourcesBuildPhase;
			buildActionMask = 2147483647;
			files = (
				1881C6BF245810DE00EE10C3 /* LaunchScreen.storyboard in Resources */,
				1881C6BC245810DE00EE10C3 /* Assets.xcassets in Resources */,
				1881C6BA245810DB00EE10C3 /* Main.storyboard in Resources */,
			);
			runOnlyForDeploymentPostprocessing = 0;
		};
/* End PBXResourcesBuildPhase section */

/* Begin PBXSourcesBuildPhase section */
		1881C6AB245810DA00EE10C3 /* Sources */ = {
			isa = PBXSourcesBuildPhase;
			buildActionMask = 2147483647;
			files = (
				1881C6CB2458465500EE10C3 /* TaskStore.swift in Sources */,
				1881C6C9245842FE00EE10C3 /* Task.swift in Sources */,
				1881C6B3245810DB00EE10C3 /* AppDelegate.swift in Sources */,
				1881C6C72458119400EE10C3 /* TasksController.swift in Sources */,
				1881C6B5245810DB00EE10C3 /* SceneDelegate.swift in Sources */,
			);
			runOnlyForDeploymentPostprocessing = 0;
		};
/* End PBXSourcesBuildPhase section */

/* Begin PBXVariantGroup section */
		1881C6B8245810DB00EE10C3 /* Main.storyboard */ = {
			isa = PBXVariantGroup;
			children = (
				1881C6B9245810DB00EE10C3 /* Base */,
			);
			name = Main.storyboard;
			sourceTree = "<group>";
		};
		1881C6BD245810DE00EE10C3 /* LaunchScreen.storyboard */ = {
			isa = PBXVariantGroup;
			children = (
				1881C6BE245810DE00EE10C3 /* Base */,
			);
			name = LaunchScreen.storyboard;
			sourceTree = "<group>";
		};
/* End PBXVariantGroup section */

/* Begin XCBuildConfiguration section */
		1881C6C1245810DE00EE10C3 /* Debug */ = {
			isa = XCBuildConfiguration;
			buildSettings = {
				ALWAYS_SEARCH_USER_PATHS = NO;
				CLANG_ANALYZER_NONNULL = YES;
				CLANG_ANALYZER_NUMBER_OBJECT_CONVERSION = YES_AGGRESSIVE;
				CLANG_CXX_LANGUAGE_STANDARD = "gnu++14";
				CLANG_CXX_LIBRARY = "libc++";
				CLANG_ENABLE_MODULES = YES;
				CLANG_ENABLE_OBJC_ARC = YES;
				CLANG_ENABLE_OBJC_WEAK = YES;
				CLANG_WARN_BLOCK_CAPTURE_AUTORELEASING = YES;
				CLANG_WARN_BOOL_CONVERSION = YES;
				CLANG_WARN_COMMA = YES;
				CLANG_WARN_CONSTANT_CONVERSION = YES;
				CLANG_WARN_DEPRECATED_OBJC_IMPLEMENTATIONS = YES;
				CLANG_WARN_DIRECT_OBJC_ISA_USAGE = YES_ERROR;
				CLANG_WARN_DOCUMENTATION_COMMENTS = YES;
				CLANG_WARN_EMPTY_BODY = YES;
				CLANG_WARN_ENUM_CONVERSION = YES;
				CLANG_WARN_INFINITE_RECURSION = YES;
				CLANG_WARN_INT_CONVERSION = YES;
				CLANG_WARN_NON_LITERAL_NULL_CONVERSION = YES;
				CLANG_WARN_OBJC_IMPLICIT_RETAIN_SELF = YES;
				CLANG_WARN_OBJC_LITERAL_CONVERSION = YES;
				CLANG_WARN_OBJC_ROOT_CLASS = YES_ERROR;
				CLANG_WARN_RANGE_LOOP_ANALYSIS = YES;
				CLANG_WARN_STRICT_PROTOTYPES = YES;
				CLANG_WARN_SUSPICIOUS_MOVE = YES;
				CLANG_WARN_UNGUARDED_AVAILABILITY = YES_AGGRESSIVE;
				CLANG_WARN_UNREACHABLE_CODE = YES;
				CLANG_WARN__DUPLICATE_METHOD_MATCH = YES;
				COPY_PHASE_STRIP = NO;
				DEBUG_INFORMATION_FORMAT = dwarf;
				ENABLE_STRICT_OBJC_MSGSEND = YES;
				ENABLE_TESTABILITY = YES;
				GCC_C_LANGUAGE_STANDARD = gnu11;
				GCC_DYNAMIC_NO_PIC = NO;
				GCC_NO_COMMON_BLOCKS = YES;
				GCC_OPTIMIZATION_LEVEL = 0;
				GCC_PREPROCESSOR_DEFINITIONS = (
					"DEBUG=1",
					"$(inherited)",
				);
				GCC_WARN_64_TO_32_BIT_CONVERSION = YES;
				GCC_WARN_ABOUT_RETURN_TYPE = YES_ERROR;
				GCC_WARN_UNDECLARED_SELECTOR = YES;
				GCC_WARN_UNINITIALIZED_AUTOS = YES_AGGRESSIVE;
				GCC_WARN_UNUSED_FUNCTION = YES;
				GCC_WARN_UNUSED_VARIABLE = YES;
				IPHONEOS_DEPLOYMENT_TARGET = 13.2;
				MTL_ENABLE_DEBUG_INFO = INCLUDE_SOURCE;
				MTL_FAST_MATH = YES;
				ONLY_ACTIVE_ARCH = YES;
				SDKROOT = iphoneos;
				SWIFT_ACTIVE_COMPILATION_CONDITIONS = DEBUG;
				SWIFT_OPTIMIZATION_LEVEL = "-Onone";
			};
			name = Debug;
		};
		1881C6C2245810DE00EE10C3 /* Release */ = {
			isa = XCBuildConfiguration;
			buildSettings = {
				ALWAYS_SEARCH_USER_PATHS = NO;
				CLANG_ANALYZER_NONNULL = YES;
				CLANG_ANALYZER_NUMBER_OBJECT_CONVERSION = YES_AGGRESSIVE;
				CLANG_CXX_LANGUAGE_STANDARD = "gnu++14";
				CLANG_CXX_LIBRARY = "libc++";
				CLANG_ENABLE_MODULES = YES;
				CLANG_ENABLE_OBJC_ARC = YES;
				CLANG_ENABLE_OBJC_WEAK = YES;
				CLANG_WARN_BLOCK_CAPTURE_AUTORELEASING = YES;
				CLANG_WARN_BOOL_CONVERSION = YES;
				CLANG_WARN_COMMA = YES;
				CLANG_WARN_CONSTANT_CONVERSION = YES;
				CLANG_WARN_DEPRECATED_OBJC_IMPLEMENTATIONS = YES;
				CLANG_WARN_DIRECT_OBJC_ISA_USAGE = YES_ERROR;
				CLANG_WARN_DOCUMENTATION_COMMENTS = YES;
				CLANG_WARN_EMPTY_BODY = YES;
				CLANG_WARN_ENUM_CONVERSION = YES;
				CLANG_WARN_INFINITE_RECURSION = YES;
				CLANG_WARN_INT_CONVERSION = YES;
				CLANG_WARN_NON_LITERAL_NULL_CONVERSION = YES;
				CLANG_WARN_OBJC_IMPLICIT_RETAIN_SELF = YES;
				CLANG_WARN_OBJC_LITERAL_CONVERSION = YES;
				CLANG_WARN_OBJC_ROOT_CLASS = YES_ERROR;
				CLANG_WARN_RANGE_LOOP_ANALYSIS = YES;
				CLANG_WARN_STRICT_PROTOTYPES = YES;
				CLANG_WARN_SUSPICIOUS_MOVE = YES;
				CLANG_WARN_UNGUARDED_AVAILABILITY = YES_AGGRESSIVE;
				CLANG_WARN_UNREACHABLE_CODE = YES;
				CLANG_WARN__DUPLICATE_METHOD_MATCH = YES;
				COPY_PHASE_STRIP = NO;
				DEBUG_INFORMATION_FORMAT = "dwarf-with-dsym";
				ENABLE_NS_ASSERTIONS = NO;
				ENABLE_STRICT_OBJC_MSGSEND = YES;
				GCC_C_LANGUAGE_STANDARD = gnu11;
				GCC_NO_COMMON_BLOCKS = YES;
				GCC_WARN_64_TO_32_BIT_CONVERSION = YES;
				GCC_WARN_ABOUT_RETURN_TYPE = YES_ERROR;
				GCC_WARN_UNDECLARED_SELECTOR = YES;
				GCC_WARN_UNINITIALIZED_AUTOS = YES_AGGRESSIVE;
				GCC_WARN_UNUSED_FUNCTION = YES;
				GCC_WARN_UNUSED_VARIABLE = YES;
				IPHONEOS_DEPLOYMENT_TARGET = 13.2;
				MTL_ENABLE_DEBUG_INFO = NO;
				MTL_FAST_MATH = YES;
				SDKROOT = iphoneos;
				SWIFT_COMPILATION_MODE = wholemodule;
				SWIFT_OPTIMIZATION_LEVEL = "-O";
				VALIDATE_PRODUCT = YES;
			};
			name = Release;
		};
		1881C6C4245810DE00EE10C3 /* Debug */ = {
			isa = XCBuildConfiguration;
			buildSettings = {
				ASSETCATALOG_COMPILER_APPICON_NAME = AppIcon;
				CODE_SIGN_STYLE = Automatic;
				DEVELOPMENT_TEAM = 86H6R664S5;
				INFOPLIST_FILE = Taskly/Info.plist;
				LD_RUNPATH_SEARCH_PATHS = (
					"$(inherited)",
					"@executable_path/Frameworks",
				);
				PRODUCT_BUNDLE_IDENTIFIER = com.vadymgor.Taskly;
				PRODUCT_NAME = "$(TARGET_NAME)";
				SWIFT_VERSION = 5.0;
				TARGETED_DEVICE_FAMILY = "1,2";
			};
			name = Debug;
		};
		1881C6C5245810DE00EE10C3 /* Release */ = {
			isa = XCBuildConfiguration;
			buildSettings = {
				ASSETCATALOG_COMPILER_APPICON_NAME = AppIcon;
				CODE_SIGN_STYLE = Automatic;
				DEVELOPMENT_TEAM = 86H6R664S5;
				INFOPLIST_FILE = Taskly/Info.plist;
				LD_RUNPATH_SEARCH_PATHS = (
					"$(inherited)",
					"@executable_path/Frameworks",
				);
				PRODUCT_BUNDLE_IDENTIFIER = com.vadymgor.Taskly;
				PRODUCT_NAME = "$(TARGET_NAME)";
				SWIFT_VERSION = 5.0;
				TARGETED_DEVICE_FAMILY = "1,2";
			};
			name = Release;
		};
/* End XCBuildConfiguration section */

/* Begin XCConfigurationList section */
		1881C6AA245810DA00EE10C3 /* Build configuration list for PBXProject "Taskly" */ = {
			isa = XCConfigurationList;
			buildConfigurations = (
				1881C6C1245810DE00EE10C3 /* Debug */,
				1881C6C2245810DE00EE10C3 /* Release */,
			);
			defaultConfigurationIsVisible = 0;
			defaultConfigurationName = Release;
		};
		1881C6C3245810DE00EE10C3 /* Build configuration list for PBXNativeTarget "Taskly" */ = {
			isa = XCConfigurationList;
			buildConfigurations = (
				1881C6C4245810DE00EE10C3 /* Debug */,
				1881C6C5245810DE00EE10C3 /* Release */,
			);
			defaultConfigurationIsVisible = 0;
			defaultConfigurationName = Release;
		};
/* End XCConfigurationList section */
	};
	rootObject = 1881C6A7245810DA00EE10C3 /* Project object */;
}
